lockfileVersion: '9.0'

settings:
  autoInstallPeers: true
  excludeLinksFromLockfile: false

importers:

  .:
    devDependencies:
      basedpyright:
        specifier: latest
        version: 1.39.9

  tools:
    devDependencies:
      '@a24z/mermaid-parser':
        specifier: latest
        version: 1.0.0
      prettier:
        specifier: latest
        version: 3.9.6

packages:

  '@a24z/mermaid-parser@1.0.0':
    resolution: {integrity: sha512-f5HTsJPVkQKhri6NYB5lAruilNfbvSIu29/htma4AH0tRE4CqftT4Y6hZ7GYPLyrCXcCWVqs/xwNV7sGruTM+w==}
    engines: {node: '>=18.0.0'}

  argparse@2.0.1:
    resolution: {integrity: sha512-8+9WqebbFzpX9OR+Wa6O29asIogeRMzcGtAINdpMHHyAg10f05aSFVBbcEqGf/PXw1EjAZ+q2/bEBg3DvurK3Q==}

  basedpyright@1.39.9:
    resolution: {integrity: sha512-7ijtpTtV3E3r5Lvv8GV0HfOyRrtDdLOj+xA4q3vv1Mg03F8k/vIBXSVLOQ7X5oNI52kFqiMQehhr8RS0CSP59w==}
    engines: {node: '>=14.0.0'}
    hasBin: true

  fsevents@2.3.3:
    resolution: {integrity: sha512-5xoDfX+fL7faATnagmWPpbFtwh/R77WmMMqqHGS65C3vvB0YHrgF+B1YmZ3441tMj5n63k0212XNoJwzlhffQw==}
    engines: {node: ^8.16.0 || ^10.6.0 || >=11.0.0}
    os: [darwin]

  js-yaml@4.3.1:
    resolution: {integrity: sha512-CY6crGq313MX8GkwvB7tzgp99vjQxY1++5y10/BKN/GUfHqWaOGQMNZkBvqSzsZKWk/ijwHlWzzkLulsGHhjWQ==}
    hasBin: true

  prettier@3.9.6:
    resolution: {integrity: sha512-OpN0zzVdiaiAhxpuuj5efpIS4sY9j7bY6uR5mnj5yPzGkdkjNKSJeUThPb60Jw29QuAZgA4o+/iB49kFiaBX6g==}
    engines: {node: '>=14'}
    hasBin: true

snapshots:

  '@a24z/mermaid-parser@1.0.0':
    dependencies:
      js-yaml: 4.3.1

  argparse@2.0.1: {}

  basedpyright@1.39.9:
    optionalDependencies:
      fsevents: 2.3.3

  fsevents@2.3.3:
    optional: true

  js-yaml@4.3.1:
    dependencies:
      argparse: 2.0.1

  prettier@3.9.6: {}
