lockfileVersion: '9.0'

settings:
  autoInstallPeers: true
  excludeLinksFromLockfile: false

importers:

  .:
    devDependencies:
      basedpyright:
        specifier: latest
        version: 1.40.1

  tools:
    devDependencies:
      prettier:
        specifier: latest
        version: 3.9.8

packages:

  basedpyright@1.40.1:
    resolution: {integrity: sha512-98BUK6yuNcUCgaEVaaFzhW4ReGjB8Tip9XBX4s7rGIsoKtc1Be7O4PB0A8Z4zV42FKvfUR5hwYzRYafU/BVTtQ==}
    engines: {node: '>=14.0.0'}
    hasBin: true

  fsevents@2.3.3:
    resolution: {integrity: sha512-5xoDfX+fL7faATnagmWPpbFtwh/R77WmMMqqHGS65C3vvB0YHrgF+B1YmZ3441tMj5n63k0212XNoJwzlhffQw==}
    engines: {node: ^8.16.0 || ^10.6.0 || >=11.0.0}
    os: [darwin]

  prettier@3.9.8:
    resolution: {integrity: sha512-WRFq3Wn3WId7LLROfMLdH7xaFr2jR62wU8nLO6rQUOLOxNZUviyJQs1M0iIhLexSFy+L+w0ch66wtoO2jRjG0A==}
    engines: {node: '>=14'}
    hasBin: true

snapshots:

  basedpyright@1.40.1:
    optionalDependencies:
      fsevents: 2.3.3

  fsevents@2.3.3:
    optional: true

  prettier@3.9.8: {}
